
Microsoft Visual Studio Solution File, Format Version 12.00
# Visual Studio Version 16
VisualStudioVersion = 16.0.31729.503
MinimumVisualStudioVersion = 10.0.40219.1
Project("{FAE04EC0-301F-11D3-BF4B-00C04F79EFBC}") = "inlogapp", "inlogapp\inlogapp\inlogapp.csproj", "{0EBE63C6-44A2-48AC-99BC-77B0C0A9A381}"
EndProject
Project("{FAE04EC0-301F-11D3-BF4B-00C04F79EFBC}") = "inlogapp.Android", "inlogapp\inlogapp.Android\inlogapp.Android.csproj", "{59251475-21A2-4BFF-9064-DB3159235E00}"
EndProject
Global
	GlobalSection(SolutionConfigurationPlatforms) = preSolution
		Debug|Any CPU = Debug|Any CPU
		Release|Any CPU = Release|Any CPU
	EndGlobalSection
	GlobalSection(ProjectConfigurationPlatforms) = postSolution
		{0EBE63C6-44A2-48AC-99BC-77B0C0A9A381}.Debug|Any CPU.ActiveCfg = Debug|Any CPU
		{0EBE63C6-44A2-48AC-99BC-77B0C0A9A381}.Debug|Any CPU.Build.0 = Debug|Any CPU
		{0EBE63C6-44A2-48AC-99BC-77B0C0A9A381}.Release|Any CPU.ActiveCfg = Release|Any CPU
		{0EBE63C6-44A2-48AC-99BC-77B0C0A9A381}.Release|Any CPU.Build.0 = Release|Any CPU
		{59251475-21A2-4BFF-9064-DB3159235E00}.Debug|Any CPU.ActiveCfg = Debug|Any CPU
		{59251475-21A2-4BFF-9064-DB3159235E00}.Debug|Any CPU.Build.0 = Debug|Any CPU
		{59251475-21A2-4BFF-9064-DB3159235E00}.Debug|Any CPU.Deploy.0 = Debug|Any CPU
		{59251475-21A2-4BFF-9064-DB3159235E00}.Release|Any CPU.ActiveCfg = Release|Any CPU
		{59251475-21A2-4BFF-9064-DB3159235E00}.Release|Any CPU.Build.0 = Release|Any CPU
		{59251475-21A2-4BFF-9064-DB3159235E00}.Release|Any CPU.Deploy.0 = Release|Any CPU
	EndGlobalSection
	GlobalSection(SolutionProperties) = preSolution
		HideSolutionNode = FALSE
	EndGlobalSection
	GlobalSection(ExtensibilityGlobals) = postSolution
		SolutionGuid = {1EA2D8BC-3689-4FDA-BE02-C8FC7C182355}
	EndGlobalSection
EndGlobal
